
Microsoft Visual Studio Solution File, Format Version 12.00
# Visual Studio Version 17
VisualStudioVersion = 17.8.34330.188
MinimumVisualStudioVersion = 10.0.40219.1
Project("{FAE04EC0-301F-11D3-BF4B-00C04F79EFBC}") = "ProductsWebApi", "ProductsWebApi\ProductsWebApi.csproj", "{14C8EBED-B848-4E3F-A7D0-D520B9D13690}"
EndProject
Global
	GlobalSection(SolutionConfigurationPlatforms) = preSolution
		Debug|Any CPU = Debug|Any CPU
		Release|Any CPU = Release|Any CPU
	EndGlobalSection
	GlobalSection(ProjectConfigurationPlatforms) = postSolution
		{14C8EBED-B848-4E3F-A7D0-D520B9D13690}.Debug|Any CPU.ActiveCfg = Debug|Any CPU
		{14C8EBED-B848-4E3F-A7D0-D520B9D13690}.Debug|Any CPU.Build.0 = Debug|Any CPU
		{14C8EBED-B848-4E3F-A7D0-D520B9D13690}.Release|Any CPU.ActiveCfg = Release|Any CPU
		{14C8EBED-B848-4E3F-A7D0-D520B9D13690}.Release|Any CPU.Build.0 = Release|Any CPU
	EndGlobalSection
	GlobalSection(SolutionProperties) = preSolution
		HideSolutionNode = FALSE
	EndGlobalSection
	GlobalSection(ExtensibilityGlobals) = postSolution
		SolutionGuid = {710A3403-2D06-481B-BAB4-20FE376427E6}
	EndGlobalSection
EndGlobal
